// !$*UTF8*$!
{
	archiveVersion = 1;
	classes = {
	};
	objectVersion = 46;
	objects = {

/* Begin PBXBuildFile section */
		0A1A33FA1D67A80200EC75BA /* TOCropViewControllerLocalizable.strings in Resources */ = {isa = PBXBuildFile; fileRef = 0A1A33D11D67A80200EC75BA /* TOCropViewControllerLocalizable.strings */; };
		0A1A33FB1D67A80200EC75BA /* Info.plist in Resources */ = {isa = PBXBuildFile; fileRef = 0A1A33DA1D67A80200EC75BA /* Info.plist */; };
		0A1A33FC1D67A80200EC75BA /* TOActivityCroppedImageProvider.m in Sources */ = {isa = PBXBuildFile; fileRef = 0A1A33E01D67A80200EC75BA /* TOActivityCroppedImageProvider.m */; };
		0A1A33FD1D67A80200EC75BA /* TOCroppedImageAttributes.m in Sources */ = {isa = PBXBuildFile; fileRef = 0A1A33E21D67A80200EC75BA /* TOCroppedImageAttributes.m */; };
		0A1A33FE1D67A80200EC75BA /* TOCropViewControllerTransitioning.m in Sources */ = {isa = PBXBuildFile; fileRef = 0A1A33E41D67A80200EC75BA /* TOCropViewControllerTransitioning.m */; };
		0A1A33FF1D67A80200EC75BA /* UIImage+CropRotate.m in Sources */ = {isa = PBXBuildFile; fileRef = 0A1A33E61D67A80200EC75BA /* UIImage+CropRotate.m */; };
		0A1A34001D67A80200EC75BA /* TOCropViewController.m in Sources */ = {isa = PBXBuildFile; fileRef = 0A1A33EC1D67A80200EC75BA /* TOCropViewController.m */; };
		0A1A34011D67A80200EC75BA /* TOCropOverlayView.m in Sources */ = {isa = PBXBuildFile; fileRef = 0A1A33F11D67A80200EC75BA /* TOCropOverlayView.m */; };
		0A1A34021D67A80200EC75BA /* TOCropScrollView.m in Sources */ = {isa = PBXBuildFile; fileRef = 0A1A33F31D67A80200EC75BA /* TOCropScrollView.m */; };
		0A1A34031D67A80200EC75BA /* TOCropToolbar.m in Sources */ = {isa = PBXBuildFile; fileRef = 0A1A33F51D67A80200EC75BA /* TOCropToolbar.m */; };
		0A1A34041D67A80200EC75BA /* TOCropView.m in Sources */ = {isa = PBXBuildFile; fileRef = 0A1A33F71D67A80200EC75BA /* TOCropView.m */; };
		0A1A34061D67BB7A00EC75BA /* AppSetting.swift in Sources */ = {isa = PBXBuildFile; fileRef = 0A1A34051D67BB7A00EC75BA /* AppSetting.swift */; };
		0A1D63FA1D6AF2DD00C38C7E /* CategoryListTableViewController.swift in Sources */ = {isa = PBXBuildFile; fileRef = 0A1D63F91D6AF2DD00C38C7E /* CategoryListTableViewController.swift */; };
		0A1D63FC1D6AF2ED00C38C7E /* CategoryDetailTableViewController.swift in Sources */ = {isa = PBXBuildFile; fileRef = 0A1D63FB1D6AF2ED00C38C7E /* CategoryDetailTableViewController.swift */; };
		0A1D63FF1D6AF30300C38C7E /* CategoryListTableViewCell.swift in Sources */ = {isa = PBXBuildFile; fileRef = 0A1D63FD1D6AF30300C38C7E /* CategoryListTableViewCell.swift */; };
		0A1D64001D6AF30300C38C7E /* CategoryListTableViewCell.xib in Resources */ = {isa = PBXBuildFile; fileRef = 0A1D63FE1D6AF30300C38C7E /* CategoryListTableViewCell.xib */; };
		0A1D64051D6AF33900C38C7E /* CategoryDetailTableViewCell.swift in Sources */ = {isa = PBXBuildFile; fileRef = 0A1D64031D6AF33900C38C7E /* CategoryDetailTableViewCell.swift */; };
		0A1D64061D6AF33900C38C7E /* CategoryDetailTableViewCell.xib in Resources */ = {isa = PBXBuildFile; fileRef = 0A1D64041D6AF33900C38C7E /* CategoryDetailTableViewCell.xib */; };
		0A1D64081D6B826200C38C7E /* CategoryModel.swift in Sources */ = {isa = PBXBuildFile; fileRef = 0A1D64071D6B826200C38C7E /* CategoryModel.swift */; };
		0A2678621D64AE5900DCB621 /* AppDelegate.swift in Sources */ = {isa = PBXBuildFile; fileRef = 0A2678611D64AE5900DCB621 /* AppDelegate.swift */; };
		0A2678671D64AE5900DCB621 /* Main.storyboard in Resources */ = {isa = PBXBuildFile; fileRef = 0A2678651D64AE5900DCB621 /* Main.storyboard */; };
		0A2678691D64AE5900DCB621 /* Assets.xcassets in Resources */ = {isa = PBXBuildFile; fileRef = 0A2678681D64AE5900DCB621 /* Assets.xcassets */; };
		0A26786C1D64AE5900DCB621 /* LaunchScreen.storyboard in Resources */ = {isa = PBXBuildFile; fileRef = 0A26786A1D64AE5900DCB621 /* LaunchScreen.storyboard */; };
		0A3FC58C1D65450C006615BA /* Apache License.txt in Resources */ = {isa = PBXBuildFile; fileRef = 0A3FC5811D65450C006615BA /* Apache License.txt */; };
		0A3FC58D1D65450C006615BA /* OpenSans-Bold.ttf in Resources */ = {isa = PBXBuildFile; fileRef = 0A3FC5821D65450C006615BA /* OpenSans-Bold.ttf */; };
		0A3FC58E1D65450C006615BA /* OpenSans-BoldItalic.ttf in Resources */ = {isa = PBXBuildFile; fileRef = 0A3FC5831D65450C006615BA /* OpenSans-BoldItalic.ttf */; };
		0A3FC58F1D65450C006615BA /* OpenSans-ExtraBold.ttf in Resources */ = {isa = PBXBuildFile; fileRef = 0A3FC5841D65450C006615BA /* OpenSans-ExtraBold.ttf */; };
		0A3FC5901D65450C006615BA /* OpenSans-ExtraBoldItalic.ttf in Resources */ = {isa = PBXBuildFile; fileRef = 0A3FC5851D65450C006615BA /* OpenSans-ExtraBoldItalic.ttf */; };
		0A3FC5911D65450C006615BA /* OpenSans-Italic.ttf in Resources */ = {isa = PBXBuildFile; fileRef = 0A3FC5861D65450C006615BA /* OpenSans-Italic.ttf */; };
		0A3FC5921D65450C006615BA /* OpenSans-Light.ttf in Resources */ = {isa = PBXBuildFile; fileRef = 0A3FC5871D65450C006615BA /* OpenSans-Light.ttf */; };
		0A3FC5931D65450C006615BA /* OpenSans-LightItalic.ttf in Resources */ = {isa = PBXBuildFile; fileRef = 0A3FC5881D65450C006615BA /* OpenSans-LightItalic.ttf */; };
		0A3FC5941D65450C006615BA /* OpenSans-Regular.ttf in Resources */ = {isa = PBXBuildFile; fileRef = 0A3FC5891D65450C006615BA /* OpenSans-Regular.ttf */; };
		0A3FC5951D65450C006615BA /* OpenSans-Semibold.ttf in Resources */ = {isa = PBXBuildFile; fileRef = 0A3FC58A1D65450C006615BA /* OpenSans-Semibold.ttf */; };
		0A3FC5961D65450C006615BA /* OpenSans-SemiboldItalic.ttf in Resources */ = {isa = PBXBuildFile; fileRef = 0A3FC58B1D65450C006615BA /* OpenSans-SemiboldItalic.ttf */; };
		0A3FC5A01D6559FB006615BA /* Utils.m in Sources */ = {isa = PBXBuildFile; fileRef = 0A3FC59F1D6559FB006615BA /* Utils.m */; };
		0A3FC5A31D655AF0006615BA /* LoginViewController.swift in Sources */ = {isa = PBXBuildFile; fileRef = 0A3FC5A21D655AF0006615BA /* LoginViewController.swift */; };
		0A3FC5A51D655B11006615BA /* MainViewController.swift in Sources */ = {isa = PBXBuildFile; fileRef = 0A3FC5A41D655B11006615BA /* MainViewController.swift */; };
		0A3FC5A71D655B34006615BA /* AppConstant.swift in Sources */ = {isa = PBXBuildFile; fileRef = 0A3FC5A61D655B34006615BA /* AppConstant.swift */; };
		0A3FC5B91D6570B6006615BA /* AppUtil.swift in Sources */ = {isa = PBXBuildFile; fileRef = 0A3FC5B81D6570B6006615BA /* AppUtil.swift */; };
		0A3FC5BB1D65CB90006615BA /* ComManager.swift in Sources */ = {isa = PBXBuildFile; fileRef = 0A3FC5BA1D65CB90006615BA /* ComManager.swift */; };
		0A3FC5BD1D65CBAF006615BA /* ResponseBuilder.swift in Sources */ = {isa = PBXBuildFile; fileRef = 0A3FC5BC1D65CBAF006615BA /* ResponseBuilder.swift */; };
		0A3FC5BF1D65CCC2006615BA /* AppTokenModel.swift in Sources */ = {isa = PBXBuildFile; fileRef = 0A3FC5BE1D65CCC2006615BA /* AppTokenModel.swift */; };
		0A3FC5C11D65D31F006615BA /* UserModel.swift in Sources */ = {isa = PBXBuildFile; fileRef = 0A3FC5C01D65D31F006615BA /* UserModel.swift */; };
		0A3FC5C31D66032D006615BA /* RegisterTableViewController.swift in Sources */ = {isa = PBXBuildFile; fileRef = 0A3FC5C21D66032D006615BA /* RegisterTableViewController.swift */; };
		0A3FC5C51D660544006615BA /* RequestBuilder.swift in Sources */ = {isa = PBXBuildFile; fileRef = 0A3FC5C41D660544006615BA /* RequestBuilder.swift */; };
		0A3FC5C91D664AAE006615BA /* ProgressHUD.m in Sources */ = {isa = PBXBuildFile; fileRef = 0A3FC5C81D664AAE006615BA /* ProgressHUD.m */; };
		0A3FC5CB1D6650E2006615BA /* GoogleService-Info.plist in Resources */ = {isa = PBXBuildFile; fileRef = 0A3FC5CA1D6650E2006615BA /* GoogleService-Info.plist */; };
		0A3FC5DC1D66849E006615BA /* TOActionSheetLocalizable.strings in Resources */ = {isa = PBXBuildFile; fileRef = 0A3FC5CD1D66849E006615BA /* TOActionSheetLocalizable.strings */; };
		0A3FC5DD1D66849F006615BA /* TOActionSheet.m in Sources */ = {isa = PBXBuildFile; fileRef = 0A3FC5D91D66849E006615BA /* TOActionSheet.m */; };
		0A3FC5E01D670F5E006615BA /* NSDate+Helper.m in Sources */ = {isa = PBXBuildFile; fileRef = 0A3FC5DF1D670F5E006615BA /* NSDate+Helper.m */; };
		0AAACDC11D680E77007C3CCC /* ForgotPasswordViewController.swift in Sources */ = {isa = PBXBuildFile; fileRef = 0AAACDC01D680E77007C3CCC /* ForgotPasswordViewController.swift */; };
		0AAACDC31D6881D7007C3CCC /* ViewManager.swift in Sources */ = {isa = PBXBuildFile; fileRef = 0AAACDC21D6881D7007C3CCC /* ViewManager.swift */; };
		0AAACDC71D688269007C3CCC /* RootNavViewController.swift in Sources */ = {isa = PBXBuildFile; fileRef = 0AAACDC61D688269007C3CCC /* RootNavViewController.swift */; };
		0AAACDC91D688472007C3CCC /* RegisterHomeViewController.swift in Sources */ = {isa = PBXBuildFile; fileRef = 0AAACDC81D688472007C3CCC /* RegisterHomeViewController.swift */; };
		0AAACDCB1D68CDF6007C3CCC /* DPSegmentedControl.swift in Sources */ = {isa = PBXBuildFile; fileRef = 0AAACDCA1D68CDF6007C3CCC /* DPSegmentedControl.swift */; };
		0AAACDCD1D68CECC007C3CCC /* HomeViewController.swift in Sources */ = {isa = PBXBuildFile; fileRef = 0AAACDCC1D68CECC007C3CCC /* HomeViewController.swift */; };
		0AAACDCF1D68D90A007C3CCC /* FilterCustomView.swift in Sources */ = {isa = PBXBuildFile; fileRef = 0AAACDCE1D68D90A007C3CCC /* FilterCustomView.swift */; };
		0AAACDD11D68DA17007C3CCC /* FilterView.swift in Sources */ = {isa = PBXBuildFile; fileRef = 0AAACDD01D68DA17007C3CCC /* FilterView.swift */; };
		0AAACDD61D68EA00007C3CCC /* HomeTableViewCell.swift in Sources */ = {isa = PBXBuildFile; fileRef = 0AAACDD41D68EA00007C3CCC /* HomeTableViewCell.swift */; };
		0AAACDD71D68EA00007C3CCC /* HomeTableViewCell.xib in Resources */ = {isa = PBXBuildFile; fileRef = 0AAACDD51D68EA00007C3CCC /* HomeTableViewCell.xib */; };
		0AAACDDD1D6945CF007C3CCC /* SWRevealViewController.m in Sources */ = {isa = PBXBuildFile; fileRef = 0AAACDDC1D6945CF007C3CCC /* SWRevealViewController.m */; };
		0AAACDDF1D6947DF007C3CCC /* MenuTableViewController.swift in Sources */ = {isa = PBXBuildFile; fileRef = 0AAACDDE1D6947DF007C3CCC /* MenuTableViewController.swift */; };
		0AAACDE11D696C1B007C3CCC /* VideoModel.swift in Sources */ = {isa = PBXBuildFile; fileRef = 0AAACDE01D696C1B007C3CCC /* VideoModel.swift */; };
		0AAACDE81D6A5F00007C3CCC /* UIScrollView+SVInfiniteScrolling.m in Sources */ = {isa = PBXBuildFile; fileRef = 0AAACDE51D6A5F00007C3CCC /* UIScrollView+SVInfiniteScrolling.m */; };
		0AAACDE91D6A5F00007C3CCC /* UIScrollView+SVPullToRefresh.m in Sources */ = {isa = PBXBuildFile; fileRef = 0AAACDE71D6A5F00007C3CCC /* UIScrollView+SVPullToRefresh.m */; };
		0AAACDEB1D6A92BF007C3CCC /* CreatorModel.swift in Sources */ = {isa = PBXBuildFile; fileRef = 0AAACDEA1D6A92BF007C3CCC /* CreatorModel.swift */; };
		A4B8866BF32CCC2C22064985 /* Pods_Blasteem.framework in Frameworks */ = {isa = PBXBuildFile; fileRef = F4736BCCB45224562D24F68C /* Pods_Blasteem.framework */; };
/* End PBXBuildFile section */

/* Begin PBXFileReference section */
		0A1A33D21D67A80200EC75BA /* ar */ = {isa = PBXFileReference; lastKnownFileType = text.plist.strings; name = ar; path = ar.lproj/TOCropViewControllerLocalizable.strings; sourceTree = "<group>"; };
		0A1A33D31D67A80200EC75BA /* Base */ = {isa = PBXFileReference; lastKnownFileType = text.plist.strings; name = Base; path = Base.lproj/TOCropViewControllerLocalizable.strings; sourceTree = "<group>"; };
		0A1A33D41D67A80200EC75BA /* da */ = {isa = PBXFileReference; lastKnownFileType = text.plist.strings; name = da; path = da.lproj/TOCropViewControllerLocalizable.strings; sourceTree = "<group>"; };
		0A1A33D51D67A80200EC75BA /* de */ = {isa = PBXFileReference; lastKnownFileType = text.plist.strings; name = de; path = de.lproj/TOCropViewControllerLocalizable.strings; sourceTree = "<group>"; };
		0A1A33D61D67A80200EC75BA /* en */ = {isa = PBXFileReference; lastKnownFileType = text.plist.strings; name = en; path = en.lproj/TOCropViewControllerLocalizable.strings; sourceTree = "<group>"; };
		0A1A33D71D67A80200EC75BA /* es */ = {isa = PBXFileReference; lastKnownFileType = text.plist.strings; name = es; path = es.lproj/TOCropViewControllerLocalizable.strings; sourceTree = "<group>"; };
		0A1A33D81D67A80200EC75BA /* fr */ = {isa = PBXFileReference; lastKnownFileType = text.plist.strings; name = fr; path = fr.lproj/TOCropViewControllerLocalizable.strings; sourceTree = "<group>"; };
		0A1A33D91D67A80200EC75BA /* id */ = {isa = PBXFileReference; lastKnownFileType = text.plist.strings; name = id; path = id.lproj/TOCropViewControllerLocalizable.strings; sourceTree = "<group>"; };
		0A1A33DA1D67A80200EC75BA /* Info.plist */ = {isa = PBXFileReference; fileEncoding = 4; lastKnownFileType = text.plist.xml; path = Info.plist; sourceTree = "<group>"; };
		0A1A33DB1D67A80200EC75BA /* it */ = {isa = PBXFileReference; lastKnownFileType = text.plist.strings; name = it; path = it.lproj/TOCropViewControllerLocalizable.strings; sourceTree = "<group>"; };
		0A1A33DC1D67A80200EC75BA /* ja */ = {isa = PBXFileReference; lastKnownFileType = text.plist.strings; name = ja; path = ja.lproj/TOCropViewControllerLocalizable.strings; sourceTree = "<group>"; };
		0A1A33DD1D67A80200EC75BA /* ko */ = {isa = PBXFileReference; lastKnownFileType = text.plist.strings; name = ko; path = ko.lproj/TOCropViewControllerLocalizable.strings; sourceTree = "<group>"; };
		0A1A33DF1D67A80200EC75BA /* TOActivityCroppedImageProvider.h */ = {isa = PBXFileReference; fileEncoding = 4; lastKnownFileType = sourcecode.c.h; path = TOActivityCroppedImageProvider.h; sourceTree = "<group>"; };
		0A1A33E01D67A80200EC75BA /* TOActivityCroppedImageProvider.m */ = {isa = PBXFileReference; fileEncoding = 4; lastKnownFileType = sourcecode.c.objc; path = TOActivityCroppedImageProvider.m; sourceTree = "<group>"; };
		0A1A33E11D67A80200EC75BA /* TOCroppedImageAttributes.h */ = {isa = PBXFileReference; fileEncoding = 4; lastKnownFileType = sourcecode.c.h; path = TOCroppedImageAttributes.h; sourceTree = "<group>"; };
		0A1A33E21D67A80200EC75BA /* TOCroppedImageAttributes.m */ = {isa = PBXFileReference; fileEncoding = 4; lastKnownFileType = sourcecode.c.objc; path = TOCroppedImageAttributes.m; sourceTree = "<group>"; };
		0A1A33E31D67A80200EC75BA /* TOCropViewControllerTransitioning.h */ = {isa = PBXFileReference; fileEncoding = 4; lastKnownFileType = sourcecode.c.h; path = TOCropViewControllerTransitioning.h; sourceTree = "<group>"; };
		0A1A33E41D67A80200EC75BA /* TOCropViewControllerTransitioning.m */ = {isa = PBXFileReference; fileEncoding = 4; lastKnownFileType = sourcecode.c.objc; path = TOCropViewControllerTransitioning.m; sourceTree = "<group>"; };
		0A1A33E51D67A80200EC75BA /* UIImage+CropRotate.h */ = {isa = PBXFileReference; fileEncoding = 4; lastKnownFileType = sourcecode.c.h; path = "UIImage+CropRotate.h"; sourceTree = "<group>"; };
		0A1A33E61D67A80200EC75BA /* UIImage+CropRotate.m */ = {isa = PBXFileReference; fileEncoding = 4; lastKnownFileType = sourcecode.c.objc; path = "UIImage+CropRotate.m"; sourceTree = "<group>"; };
		0A1A33E71D67A80200EC75BA /* nl */ = {isa = PBXFileReference; lastKnownFileType = text.plist.strings; name = nl; path = nl.lproj/TOCropViewControllerLocalizable.strings; sourceTree = "<group>"; };
		0A1A33E81D67A80200EC75BA /* pl */ = {isa = PBXFileReference; lastKnownFileType = text.plist.strings; name = pl; path = pl.lproj/TOCropViewControllerLocalizable.strings; sourceTree = "<group>"; };
		0A1A33E91D67A80200EC75BA /* pt */ = {isa = PBXFileReference; lastKnownFileType = text.plist.strings; name = pt; path = pt.lproj/TOCropViewControllerLocalizable.strings; sourceTree = "<group>"; };
		0A1A33EA1D67A80200EC75BA /* ru */ = {isa = PBXFileReference; lastKnownFileType = text.plist.strings; name = ru; path = ru.lproj/TOCropViewControllerLocalizable.strings; sourceTree = "<group>"; };
		0A1A33EB1D67A80200EC75BA /* TOCropViewController.h */ = {isa = PBXFileReference; fileEncoding = 4; lastKnownFileType = sourcecode.c.h; path = TOCropViewController.h; sourceTree = "<group>"; };
		0A1A33EC1D67A80200EC75BA /* TOCropViewController.m */ = {isa = PBXFileReference; fileEncoding = 4; lastKnownFileType = sourcecode.c.objc; path = TOCropViewController.m; sourceTree = "<group>"; };
		0A1A33ED1D67A80200EC75BA /* tr */ = {isa = PBXFileReference; lastKnownFileType = text.plist.strings; name = tr; path = tr.lproj/TOCropViewControllerLocalizable.strings; sourceTree = "<group>"; };
		0A1A33EE1D67A80200EC75BA /* vi */ = {isa = PBXFileReference; lastKnownFileType = text.plist.strings; name = vi; path = vi.lproj/TOCropViewControllerLocalizable.strings; sourceTree = "<group>"; };
		0A1A33F01D67A80200EC75BA /* TOCropOverlayView.h */ = {isa = PBXFileReference; fileEncoding = 4; lastKnownFileType = sourcecode.c.h; path = TOCropOverlayView.h; sourceTree = "<group>"; };
		0A1A33F11D67A80200EC75BA /* TOCropOverlayView.m */ = {isa = PBXFileReference; fileEncoding = 4; lastKnownFileType = sourcecode.c.objc; path = TOCropOverlayView.m; sourceTree = "<group>"; };
		0A1A33F21D67A80200EC75BA /* TOCropScrollView.h */ = {isa = PBXFileReference; fileEncoding = 4; lastKnownFileType = sourcecode.c.h; path = TOCropScrollView.h; sourceTree = "<group>"; };
		0A1A33F31D67A80200EC75BA /* TOCropScrollView.m */ = {isa = PBXFileReference; fileEncoding = 4; lastKnownFileType = sourcecode.c.objc; path = TOCropScrollView.m; sourceTree = "<group>"; };
		0A1A33F41D67A80200EC75BA /* TOCropToolbar.h */ = {isa = PBXFileReference; fileEncoding = 4; lastKnownFileType = sourcecode.c.h; path = TOCropToolbar.h; sourceTree = "<group>"; };
		0A1A33F51D67A80200EC75BA /* TOCropToolbar.m */ = {isa = PBXFileReference; fileEncoding = 4; lastKnownFileType = sourcecode.c.objc; path = TOCropToolbar.m; sourceTree = "<group>"; };
		0A1A33F61D67A80200EC75BA /* TOCropView.h */ = {isa = PBXFileReference; fileEncoding = 4; lastKnownFileType = sourcecode.c.h; path = TOCropView.h; sourceTree = "<group>"; };
		0A1A33F71D67A80200EC75BA /* TOCropView.m */ = {isa = PBXFileReference; fileEncoding = 4; lastKnownFileType = sourcecode.c.objc; path = TOCropView.m; sourceTree = "<group>"; };
		0A1A33F81D67A80200EC75BA /* zh-Hans */ = {isa = PBXFileReference; lastKnownFileType = text.plist.strings; name = "zh-Hans"; path = "zh-Hans.lproj/TOCropViewControllerLocalizable.strings"; sourceTree = "<group>"; };
		0A1A33F91D67A80200EC75BA /* zh-Hant */ = {isa = PBXFileReference; lastKnownFileType = text.plist.strings; name = "zh-Hant"; path = "zh-Hant.lproj/TOCropViewControllerLocalizable.strings"; sourceTree = "<group>"; };
		0A1A34051D67BB7A00EC75BA /* AppSetting.swift */ = {isa = PBXFileReference; fileEncoding = 4; lastKnownFileType = sourcecode.swift; path = AppSetting.swift; sourceTree = "<group>"; };
		0A1D63F91D6AF2DD00C38C7E /* CategoryListTableViewController.swift */ = {isa = PBXFileReference; fileEncoding = 4; lastKnownFileType = sourcecode.swift; path = CategoryListTableViewController.swift; sourceTree = "<group>"; };
		0A1D63FB1D6AF2ED00C38C7E /* CategoryDetailTableViewController.swift */ = {isa = PBXFileReference; fileEncoding = 4; lastKnownFileType = sourcecode.swift; path = CategoryDetailTableViewController.swift; sourceTree = "<group>"; };
		0A1D63FD1D6AF30300C38C7E /* CategoryListTableViewCell.swift */ = {isa = PBXFileReference; fileEncoding = 4; lastKnownFileType = sourcecode.swift; path = CategoryListTableViewCell.swift; sourceTree = "<group>"; };
		0A1D63FE1D6AF30300C38C7E /* CategoryListTableViewCell.xib */ = {isa = PBXFileReference; fileEncoding = 4; lastKnownFileType = file.xib; path = CategoryListTableViewCell.xib; sourceTree = "<group>"; };
		0A1D64031D6AF33900C38C7E /* CategoryDetailTableViewCell.swift */ = {isa = PBXFileReference; fileEncoding = 4; lastKnownFileType = sourcecode.swift; path = CategoryDetailTableViewCell.swift; sourceTree = "<group>"; };
		0A1D64041D6AF33900C38C7E /* CategoryDetailTableViewCell.xib */ = {isa = PBXFileReference; fileEncoding = 4; lastKnownFileType = file.xib; path = CategoryDetailTableViewCell.xib; sourceTree = "<group>"; };
		0A1D64071D6B826200C38C7E /* CategoryModel.swift */ = {isa = PBXFileReference; fileEncoding = 4; lastKnownFileType = sourcecode.swift; path = CategoryModel.swift; sourceTree = "<group>"; };
		0A26785E1D64AE5900DCB621 /* Blasteem.app */ = {isa = PBXFileReference; explicitFileType = wrapper.application; includeInIndex = 0; path = Blasteem.app; sourceTree = BUILT_PRODUCTS_DIR; };
		0A2678611D64AE5900DCB621 /* AppDelegate.swift */ = {isa = PBXFileReference; lastKnownFileType = sourcecode.swift; path = AppDelegate.swift; sourceTree = "<group>"; };
		0A2678661D64AE5900DCB621 /* Base */ = {isa = PBXFileReference; lastKnownFileType = file.storyboard; name = Base; path = Base.lproj/Main.storyboard; sourceTree = "<group>"; };
		0A2678681D64AE5900DCB621 /* Assets.xcassets */ = {isa = PBXFileReference; lastKnownFileType = folder.assetcatalog; path = Assets.xcassets; sourceTree = "<group>"; };
		0A26786B1D64AE5900DCB621 /* Base */ = {isa = PBXFileReference; lastKnownFileType = file.storyboard; name = Base; path = Base.lproj/LaunchScreen.storyboard; sourceTree = "<group>"; };
		0A26786D1D64AE5900DCB621 /* Info.plist */ = {isa = PBXFileReference; lastKnownFileType = text.plist.xml; path = Info.plist; sourceTree = "<group>"; };
		0A3FC5811D65450C006615BA /* Apache License.txt */ = {isa = PBXFileReference; fileEncoding = 4; lastKnownFileType = text; path = "Apache License.txt"; sourceTree = "<group>"; };
		0A3FC5821D65450C006615BA /* OpenSans-Bold.ttf */ = {isa = PBXFileReference; lastKnownFileType = file; path = "OpenSans-Bold.ttf"; sourceTree = "<group>"; };
		0A3FC5831D65450C006615BA /* OpenSans-BoldItalic.ttf */ = {isa = PBXFileReference; lastKnownFileType = file; path = "OpenSans-BoldItalic.ttf"; sourceTree = "<group>"; };
		0A3FC5841D65450C006615BA /* OpenSans-ExtraBold.ttf */ = {isa = PBXFileReference; lastKnownFileType = file; path = "OpenSans-ExtraBold.ttf"; sourceTree = "<group>"; };
		0A3FC5851D65450C006615BA /* OpenSans-ExtraBoldItalic.ttf */ = {isa = PBXFileReference; lastKnownFileType = file; path = "OpenSans-ExtraBoldItalic.ttf"; sourceTree = "<group>"; };
		0A3FC5861D65450C006615BA /* OpenSans-Italic.ttf */ = {isa = PBXFileReference; lastKnownFileType = file; path = "OpenSans-Italic.ttf"; sourceTree = "<group>"; };
		0A3FC5871D65450C006615BA /* OpenSans-Light.ttf */ = {isa = PBXFileReference; lastKnownFileType = file; path = "OpenSans-Light.ttf"; sourceTree = "<group>"; };
		0A3FC5881D65450C006615BA /* OpenSans-LightItalic.ttf */ = {isa = PBXFileReference; lastKnownFileType = file; path = "OpenSans-LightItalic.ttf"; sourceTree = "<group>"; };
		0A3FC5891D65450C006615BA /* OpenSans-Regular.ttf */ = {isa = PBXFileReference; lastKnownFileType = file; path = "OpenSans-Regular.ttf"; sourceTree = "<group>"; };
		0A3FC58A1D65450C006615BA /* OpenSans-Semibold.ttf */ = {isa = PBXFileReference; lastKnownFileType = file; path = "OpenSans-Semibold.ttf"; sourceTree = "<group>"; };
		0A3FC58B1D65450C006615BA /* OpenSans-SemiboldItalic.ttf */ = {isa = PBXFileReference; lastKnownFileType = file; path = "OpenSans-SemiboldItalic.ttf"; sourceTree = "<group>"; };
		0A3FC59E1D6559FB006615BA /* Utils.h */ = {isa = PBXFileReference; fileEncoding = 4; lastKnownFileType = sourcecode.c.h; path = Utils.h; sourceTree = "<group>"; };
		0A3FC59F1D6559FB006615BA /* Utils.m */ = {isa = PBXFileReference; fileEncoding = 4; lastKnownFileType = sourcecode.c.objc; path = Utils.m; sourceTree = "<group>"; };
		0A3FC5A11D655A1E006615BA /* Blasteem-Bridging-Header.h */ = {isa = PBXFileReference; lastKnownFileType = sourcecode.c.h; path = "Blasteem-Bridging-Header.h"; sourceTree = "<group>"; };
		0A3FC5A21D655AF0006615BA /* LoginViewController.swift */ = {isa = PBXFileReference; fileEncoding = 4; lastKnownFileType = sourcecode.swift; path = LoginViewController.swift; sourceTree = "<group>"; };
		0A3FC5A41D655B11006615BA /* MainViewController.swift */ = {isa = PBXFileReference; fileEncoding = 4; lastKnownFileType = sourcecode.swift; path = MainViewController.swift; sourceTree = "<group>"; };
		0A3FC5A61D655B34006615BA /* AppConstant.swift */ = {isa = PBXFileReference; fileEncoding = 4; lastKnownFileType = sourcecode.swift; path = AppConstant.swift; sourceTree = "<group>"; };
		0A3FC5B81D6570B6006615BA /* AppUtil.swift */ = {isa = PBXFileReference; fileEncoding = 4; lastKnownFileType = sourcecode.swift; path = AppUtil.swift; sourceTree = "<group>"; };
		0A3FC5BA1D65CB90006615BA /* ComManager.swift */ = {isa = PBXFileReference; fileEncoding = 4; lastKnownFileType = sourcecode.swift; path = ComManager.swift; sourceTree = "<group>"; };
		0A3FC5BC1D65CBAF006615BA /* ResponseBuilder.swift */ = {isa = PBXFileReference; fileEncoding = 4; lastKnownFileType = sourcecode.swift; path = ResponseBuilder.swift; sourceTree = "<group>"; };
		0A3FC5BE1D65CCC2006615BA /* AppTokenModel.swift */ = {isa = PBXFileReference; fileEncoding = 4; lastKnownFileType = sourcecode.swift; path = AppTokenModel.swift; sourceTree = "<group>"; };
		0A3FC5C01D65D31F006615BA /* UserModel.swift */ = {isa = PBXFileReference; fileEncoding = 4; lastKnownFileType = sourcecode.swift; path = UserModel.swift; sourceTree = "<group>"; };
		0A3FC5C21D66032D006615BA /* RegisterTableViewController.swift */ = {isa = PBXFileReference; fileEncoding = 4; lastKnownFileType = sourcecode.swift; path = RegisterTableViewController.swift; sourceTree = "<group>"; };
		0A3FC5C41D660544006615BA /* RequestBuilder.swift */ = {isa = PBXFileReference; fileEncoding = 4; lastKnownFileType = sourcecode.swift; path = RequestBuilder.swift; sourceTree = "<group>"; };
		0A3FC5C71D664AAE006615BA /* ProgressHUD.h */ = {isa = PBXFileReference; fileEncoding = 4; lastKnownFileType = sourcecode.c.h; path = ProgressHUD.h; sourceTree = "<group>"; };
		0A3FC5C81D664AAE006615BA /* ProgressHUD.m */ = {isa = PBXFileReference; fileEncoding = 4; lastKnownFileType = sourcecode.c.objc; path = ProgressHUD.m; sourceTree = "<group>"; };
		0A3FC5CA1D6650E2006615BA /* GoogleService-Info.plist */ = {isa = PBXFileReference; fileEncoding = 4; lastKnownFileType = text.plist.xml; path = "GoogleService-Info.plist"; sourceTree = "<group>"; };
		0A3FC5CE1D66849E006615BA /* de */ = {isa = PBXFileReference; lastKnownFileType = text.plist.strings; name = de; path = de.lproj/TOActionSheetLocalizable.strings; sourceTree = "<group>"; };
		0A3FC5CF1D66849E006615BA /* en */ = {isa = PBXFileReference; lastKnownFileType = text.plist.strings; name = en; path = en.lproj/TOActionSheetLocalizable.strings; sourceTree = "<group>"; };
		0A3FC5D01D66849E006615BA /* es */ = {isa = PBXFileReference; lastKnownFileType = text.plist.strings; name = es; path = es.lproj/TOActionSheetLocalizable.strings; sourceTree = "<group>"; };
		0A3FC5D11D66849E006615BA /* fr */ = {isa = PBXFileReference; lastKnownFileType = text.plist.strings; name = fr; path = fr.lproj/TOActionSheetLocalizable.strings; sourceTree = "<group>"; };
		0A3FC5D21D66849E006615BA /* id */ = {isa = PBXFileReference; lastKnownFileType = text.plist.strings; name = id; path = id.lproj/TOActionSheetLocalizable.strings; sourceTree = "<group>"; };
		0A3FC5D31D66849E006615BA /* it */ = {isa = PBXFileReference; lastKnownFileType = text.plist.strings; name = it; path = it.lproj/TOActionSheetLocalizable.strings; sourceTree = "<group>"; };
		0A3FC5D41D66849E006615BA /* ja */ = {isa = PBXFileReference; lastKnownFileType = text.plist.strings; name = ja; path = ja.lproj/TOActionSheetLocalizable.strings; sourceTree = "<group>"; };
		0A3FC5D51D66849E006615BA /* ko */ = {isa = PBXFileReference; lastKnownFileType = text.plist.strings; name = ko; path = ko.lproj/TOActionSheetLocalizable.strings; sourceTree = "<group>"; };
		0A3FC5D61D66849E006615BA /* pl */ = {isa = PBXFileReference; lastKnownFileType = text.plist.strings; name = pl; path = pl.lproj/TOActionSheetLocalizable.strings; sourceTree = "<group>"; };
		0A3FC5D71D66849E006615BA /* ru */ = {isa = PBXFileReference; lastKnownFileType = text.plist.strings; name = ru; path = ru.lproj/TOActionSheetLocalizable.strings; sourceTree = "<group>"; };
		0A3FC5D81D66849E006615BA /* TOActionSheet.h */ = {isa = PBXFileReference; fileEncoding = 4; lastKnownFileType = sourcecode.c.h; path = TOActionSheet.h; sourceTree = "<group>"; };
		0A3FC5D91D66849E006615BA /* TOActionSheet.m */ = {isa = PBXFileReference; fileEncoding = 4; lastKnownFileType = sourcecode.c.objc; path = TOActionSheet.m; sourceTree = "<group>"; };
		0A3FC5DA1D66849E006615BA /* zh-Hans */ = {isa = PBXFileReference; lastKnownFileType = text.plist.strings; name = "zh-Hans"; path = "zh-Hans.lproj/TOActionSheetLocalizable.strings"; sourceTree = "<group>"; };
		0A3FC5DB1D66849E006615BA /* zh-Hant */ = {isa = PBXFileReference; lastKnownFileType = text.plist.strings; name = "zh-Hant"; path = "zh-Hant.lproj/TOActionSheetLocalizable.strings"; sourceTree = "<group>"; };
		0A3FC5DE1D670F5E006615BA /* NSDate+Helper.h */ = {isa = PBXFileReference; fileEncoding = 4; lastKnownFileType = sourcecode.c.h; path = "NSDate+Helper.h"; sourceTree = "<group>"; };
		0A3FC5DF1D670F5E006615BA /* NSDate+Helper.m */ = {isa = PBXFileReference; fileEncoding = 4; lastKnownFileType = sourcecode.c.objc; path = "NSDate+Helper.m"; sourceTree = "<group>"; };
		0AAACDC01D680E77007C3CCC /* ForgotPasswordViewController.swift */ = {isa = PBXFileReference; fileEncoding = 4; lastKnownFileType = sourcecode.swift; path = ForgotPasswordViewController.swift; sourceTree = "<group>"; };
		0AAACDC21D6881D7007C3CCC /* ViewManager.swift */ = {isa = PBXFileReference; fileEncoding = 4; lastKnownFileType = sourcecode.swift; path = ViewManager.swift; sourceTree = "<group>"; };
		0AAACDC61D688269007C3CCC /* RootNavViewController.swift */ = {isa = PBXFileReference; fileEncoding = 4; lastKnownFileType = sourcecode.swift; path = RootNavViewController.swift; sourceTree = "<group>"; };
		0AAACDC81D688472007C3CCC /* RegisterHomeViewController.swift */ = {isa = PBXFileReference; fileEncoding = 4; lastKnownFileType = sourcecode.swift; path = RegisterHomeViewController.swift; sourceTree = "<group>"; };
		0AAACDCA1D68CDF6007C3CCC /* DPSegmentedControl.swift */ = {isa = PBXFileReference; fileEncoding = 4; lastKnownFileType = sourcecode.swift; path = DPSegmentedControl.swift; sourceTree = "<group>"; };
		0AAACDCC1D68CECC007C3CCC /* HomeViewController.swift */ = {isa = PBXFileReference; fileEncoding = 4; lastKnownFileType = sourcecode.swift; path = HomeViewController.swift; sourceTree = "<group>"; };
		0AAACDCE1D68D90A007C3CCC /* FilterCustomView.swift */ = {isa = PBXFileReference; fileEncoding = 4; lastKnownFileType = sourcecode.swift; path = FilterCustomView.swift; sourceTree = "<group>"; };
		0AAACDD01D68DA17007C3CCC /* FilterView.swift */ = {isa = PBXFileReference; fileEncoding = 4; lastKnownFileType = sourcecode.swift; path = FilterView.swift; sourceTree = "<group>"; };
		0AAACDD41D68EA00007C3CCC /* HomeTableViewCell.swift */ = {isa = PBXFileReference; fileEncoding = 4; lastKnownFileType = sourcecode.swift; path = HomeTableViewCell.swift; sourceTree = "<group>"; };
		0AAACDD51D68EA00007C3CCC /* HomeTableViewCell.xib */ = {isa = PBXFileReference; fileEncoding = 4; lastKnownFileType = file.xib; path = HomeTableViewCell.xib; sourceTree = "<group>"; };
		0AAACDDB1D6945CF007C3CCC /* SWRevealViewController.h */ = {isa = PBXFileReference; fileEncoding = 4; lastKnownFileType = sourcecode.c.h; path = SWRevealViewController.h; sourceTree = "<group>"; };
		0AAACDDC1D6945CF007C3CCC /* SWRevealViewController.m */ = {isa = PBXFileReference; fileEncoding = 4; lastKnownFileType = sourcecode.c.objc; path = SWRevealViewController.m; sourceTree = "<group>"; };
		0AAACDDE1D6947DF007C3CCC /* MenuTableViewController.swift */ = {isa = PBXFileReference; fileEncoding = 4; lastKnownFileType = sourcecode.swift; path = MenuTableViewController.swift; sourceTree = "<group>"; };
		0AAACDE01D696C1B007C3CCC /* VideoModel.swift */ = {isa = PBXFileReference; fileEncoding = 4; lastKnownFileType = sourcecode.swift; path = VideoModel.swift; sourceTree = "<group>"; };
		0AAACDE31D6A5F00007C3CCC /* SVPullToRefresh.h */ = {isa = PBXFileReference; fileEncoding = 4; lastKnownFileType = sourcecode.c.h; path = SVPullToRefresh.h; sourceTree = "<group>"; };
		0AAACDE41D6A5F00007C3CCC /* UIScrollView+SVInfiniteScrolling.h */ = {isa = PBXFileReference; fileEncoding = 4; lastKnownFileType = sourcecode.c.h; path = "UIScrollView+SVInfiniteScrolling.h"; sourceTree = "<group>"; };
		0AAACDE51D6A5F00007C3CCC /* UIScrollView+SVInfiniteScrolling.m */ = {isa = PBXFileReference; fileEncoding = 4; lastKnownFileType = sourcecode.c.objc; path = "UIScrollView+SVInfiniteScrolling.m"; sourceTree = "<group>"; };
		0AAACDE61D6A5F00007C3CCC /* UIScrollView+SVPullToRefresh.h */ = {isa = PBXFileReference; fileEncoding = 4; lastKnownFileType = sourcecode.c.h; path = "UIScrollView+SVPullToRefresh.h"; sourceTree = "<group>"; };
		0AAACDE71D6A5F00007C3CCC /* UIScrollView+SVPullToRefresh.m */ = {isa = PBXFileReference; fileEncoding = 4; lastKnownFileType = sourcecode.c.objc; path = "UIScrollView+SVPullToRefresh.m"; sourceTree = "<group>"; };
		0AAACDEA1D6A92BF007C3CCC /* CreatorModel.swift */ = {isa = PBXFileReference; fileEncoding = 4; lastKnownFileType = sourcecode.swift; path = CreatorModel.swift; sourceTree = "<group>"; };
		2A21F64774B65EC6880587CB /* Pods-Blasteem.release.xcconfig */ = {isa = PBXFileReference; includeInIndex = 1; lastKnownFileType = text.xcconfig; name = "Pods-Blasteem.release.xcconfig"; path = "Pods/Target Support Files/Pods-Blasteem/Pods-Blasteem.release.xcconfig"; sourceTree = "<group>"; };
		E4B24D9AFF960F6E205D9C10 /* Pods-Blasteem.debug.xcconfig */ = {isa = PBXFileReference; includeInIndex = 1; lastKnownFileType = text.xcconfig; name = "Pods-Blasteem.debug.xcconfig"; path = "Pods/Target Support Files/Pods-Blasteem/Pods-Blasteem.debug.xcconfig"; sourceTree = "<group>"; };
		F4736BCCB45224562D24F68C /* Pods_Blasteem.framework */ = {isa = PBXFileReference; explicitFileType = wrapper.framework; includeInIndex = 0; path = Pods_Blasteem.framework; sourceTree = BUILT_PRODUCTS_DIR; };
/* End PBXFileReference section */

/* Begin PBXFrameworksBuildPhase section */
		607BCD2E0A81BDD9C83C58AF /* Frameworks */ = {
			isa = PBXFrameworksBuildPhase;
			buildActionMask = 2147483647;
			files = (
				A4B8866BF32CCC2C22064985 /* Pods_Blasteem.framework in Frameworks */,
			);
			runOnlyForDeploymentPostprocessing = 0;
		};
/* End PBXFrameworksBuildPhase section */

/* Begin PBXGroup section */
		0A1A33D01D67A80200EC75BA /* TOCropViewController */ = {
			isa = PBXGroup;
			children = (
				0A1A33D11D67A80200EC75BA /* TOCropViewControllerLocalizable.strings */,
				0A1A33DA1D67A80200EC75BA /* Info.plist */,
				0A1A33DE1D67A80200EC75BA /* Models */,
				0A1A33EB1D67A80200EC75BA /* TOCropViewController.h */,
				0A1A33EC1D67A80200EC75BA /* TOCropViewController.m */,
				0A1A33EF1D67A80200EC75BA /* Views */,
			);
			path = TOCropViewController;
			sourceTree = "<group>";
		};
		0A1A33DE1D67A80200EC75BA /* Models */ = {
			isa = PBXGroup;
			children = (
				0A1A33DF1D67A80200EC75BA /* TOActivityCroppedImageProvider.h */,
				0A1A33E01D67A80200EC75BA /* TOActivityCroppedImageProvider.m */,
				0A1A33E11D67A80200EC75BA /* TOCroppedImageAttributes.h */,
				0A1A33E21D67A80200EC75BA /* TOCroppedImageAttributes.m */,
				0A1A33E31D67A80200EC75BA /* TOCropViewControllerTransitioning.h */,
				0A1A33E41D67A80200EC75BA /* TOCropViewControllerTransitioning.m */,
				0A1A33E51D67A80200EC75BA /* UIImage+CropRotate.h */,
				0A1A33E61D67A80200EC75BA /* UIImage+CropRotate.m */,
			);
			path = Models;
			sourceTree = "<group>";
		};
		0A1A33EF1D67A80200EC75BA /* Views */ = {
			isa = PBXGroup;
			children = (
				0A1A33F01D67A80200EC75BA /* TOCropOverlayView.h */,
				0A1A33F11D67A80200EC75BA /* TOCropOverlayView.m */,
				0A1A33F21D67A80200EC75BA /* TOCropScrollView.h */,
				0A1A33F31D67A80200EC75BA /* TOCropScrollView.m */,
				0A1A33F41D67A80200EC75BA /* TOCropToolbar.h */,
				0A1A33F51D67A80200EC75BA /* TOCropToolbar.m */,
				0A1A33F61D67A80200EC75BA /* TOCropView.h */,
				0A1A33F71D67A80200EC75BA /* TOCropView.m */,
			);
			path = Views;
			sourceTree = "<group>";
		};
		0A1D63F81D6AF2C100C38C7E /* Category */ = {
			isa = PBXGroup;
			children = (
				0A1D63F91D6AF2DD00C38C7E /* CategoryListTableViewController.swift */,
				0A1D63FB1D6AF2ED00C38C7E /* CategoryDetailTableViewController.swift */,
				0A1D63FD1D6AF30300C38C7E /* CategoryListTableViewCell.swift */,
				0A1D63FE1D6AF30300C38C7E /* CategoryListTableViewCell.xib */,
				0A1D64031D6AF33900C38C7E /* CategoryDetailTableViewCell.swift */,
				0A1D64041D6AF33900C38C7E /* CategoryDetailTableViewCell.xib */,
			);
			name = Category;
			sourceTree = "<group>";
		};
		0A2678551D64AE5900DCB621 = {
			isa = PBXGroup;
			children = (
				0A2678601D64AE5900DCB621 /* Blasteem */,
				0A26785F1D64AE5900DCB621 /* Products */,
				C4F3713973876B412F8A1C13 /* Pods */,
				78D6B3F8D73683C48597C9E9 /* Frameworks */,
			);
			sourceTree = "<group>";
		};
		0A26785F1D64AE5900DCB621 /* Products */ = {
			isa = PBXGroup;
			children = (
				0A26785E1D64AE5900DCB621 /* Blasteem.app */,
			);
			name = Products;
			sourceTree = "<group>";
		};
		0A2678601D64AE5900DCB621 /* Blasteem */ = {
			isa = PBXGroup;
			children = (
				0A3FC5971D655365006615BA /* Controller */,
				0A3FC5981D655365006615BA /* Helper */,
				0A3FC5991D655365006615BA /* Model */,
				0A3FC59A1D655365006615BA /* View */,
				0A2678611D64AE5900DCB621 /* AppDelegate.swift */,
				0A3FC5A61D655B34006615BA /* AppConstant.swift */,
				0A2678651D64AE5900DCB621 /* Main.storyboard */,
				0A2678681D64AE5900DCB621 /* Assets.xcassets */,
				0A26786A1D64AE5900DCB621 /* LaunchScreen.storyboard */,
				0A26786D1D64AE5900DCB621 /* Info.plist */,
				0A3FC5CA1D6650E2006615BA /* GoogleService-Info.plist */,
				0A3FC57F1D65450C006615BA /* Resource */,
				0A3FC5A11D655A1E006615BA /* Blasteem-Bridging-Header.h */,
			);
			path = Blasteem;
			sourceTree = "<group>";
		};
		0A3FC57F1D65450C006615BA /* Resource */ = {
			isa = PBXGroup;
			children = (
				0A3FC5801D65450C006615BA /* open-sans */,
			);
			path = Resource;
			sourceTree = "<group>";
		};
		0A3FC5801D65450C006615BA /* open-sans */ = {
			isa = PBXGroup;
			children = (
				0A3FC5811D65450C006615BA /* Apache License.txt */,
				0A3FC5821D65450C006615BA /* OpenSans-Bold.ttf */,
				0A3FC5831D65450C006615BA /* OpenSans-BoldItalic.ttf */,
				0A3FC5841D65450C006615BA /* OpenSans-ExtraBold.ttf */,
				0A3FC5851D65450C006615BA /* OpenSans-ExtraBoldItalic.ttf */,
				0A3FC5861D65450C006615BA /* OpenSans-Italic.ttf */,
				0A3FC5871D65450C006615BA /* OpenSans-Light.ttf */,
				0A3FC5881D65450C006615BA /* OpenSans-LightItalic.ttf */,
				0A3FC5891D65450C006615BA /* OpenSans-Regular.ttf */,
				0A3FC58A1D65450C006615BA /* OpenSans-Semibold.ttf */,
				0A3FC58B1D65450C006615BA /* OpenSans-SemiboldItalic.ttf */,
			);
			path = "open-sans";
			sourceTree = "<group>";
		};
		0A3FC5971D655365006615BA /* Controller */ = {
			isa = PBXGroup;
			children = (
				0A3FC5C41D660544006615BA /* RequestBuilder.swift */,
				0A3FC5BA1D65CB90006615BA /* ComManager.swift */,
				0A3FC5BC1D65CBAF006615BA /* ResponseBuilder.swift */,
				0AAACDC21D6881D7007C3CCC /* ViewManager.swift */,
			);
			path = Controller;
			sourceTree = "<group>";
		};
		0A3FC5981D655365006615BA /* Helper */ = {
			isa = PBXGroup;
			children = (
				0AAACDE21D6A5F00007C3CCC /* SVPullToRefresh */,
				0AAACDDA1D6945CF007C3CCC /* RevealController */,
				0AAACDCA1D68CDF6007C3CCC /* DPSegmentedControl.swift */,
				0A1A33D01D67A80200EC75BA /* TOCropViewController */,
				0A3FC5DE1D670F5E006615BA /* NSDate+Helper.h */,
				0A3FC5DF1D670F5E006615BA /* NSDate+Helper.m */,
				0A3FC5CC1D66849E006615BA /* TOActionSheet */,
				0A3FC5C61D664AAE006615BA /* AlertCustom */,
				0A3FC59D1D6559FB006615BA /* AppUtils */,
			);
			path = Helper;
			sourceTree = "<group>";
		};
		0A3FC5991D655365006615BA /* Model */ = {
			isa = PBXGroup;
			children = (
				0A3FC5BE1D65CCC2006615BA /* AppTokenModel.swift */,
				0A3FC5C01D65D31F006615BA /* UserModel.swift */,
				0A1A34051D67BB7A00EC75BA /* AppSetting.swift */,
				0AAACDE01D696C1B007C3CCC /* VideoModel.swift */,
				0AAACDEA1D6A92BF007C3CCC /* CreatorModel.swift */,
				0A1D64071D6B826200C38C7E /* CategoryModel.swift */,
			);
			path = Model;
			sourceTree = "<group>";
		};
		0A3FC59A1D655365006615BA /* View */ = {
			isa = PBXGroup;
			children = (
				0A1D63F81D6AF2C100C38C7E /* Category */,
				0AAACDC51D688245007C3CCC /* Home */,
				0AAACDC41D68822D007C3CCC /* Authentication */,
			);
			path = View;
			sourceTree = "<group>";
		};
		0A3FC59D1D6559FB006615BA /* AppUtils */ = {
			isa = PBXGroup;
			children = (
				0A3FC59E1D6559FB006615BA /* Utils.h */,
				0A3FC59F1D6559FB006615BA /* Utils.m */,
				0A3FC5B81D6570B6006615BA /* AppUtil.swift */,
			);
			path = AppUtils;
			sourceTree = "<group>";
		};
		0A3FC5C61D664AAE006615BA /* AlertCustom */ = {
			isa = PBXGroup;
			children = (
				0A3FC5C71D664AAE006615BA /* ProgressHUD.h */,
				0A3FC5C81D664AAE006615BA /* ProgressHUD.m */,
			);
			path = AlertCustom;
			sourceTree = "<group>";
		};
		0A3FC5CC1D66849E006615BA /* TOActionSheet */ = {
			isa = PBXGroup;
			children = (
				0A3FC5CD1D66849E006615BA /* TOActionSheetLocalizable.strings */,
				0A3FC5D81D66849E006615BA /* TOActionSheet.h */,
				0A3FC5D91D66849E006615BA /* TOActionSheet.m */,
			);
			path = TOActionSheet;
			sourceTree = "<group>";
		};
		0AAACDC41D68822D007C3CCC /* Authentication */ = {
			isa = PBXGroup;
			children = (
				0A3FC5A21D655AF0006615BA /* LoginViewController.swift */,
				0A3FC5C21D66032D006615BA /* RegisterTableViewController.swift */,
				0AAACDC01D680E77007C3CCC /* ForgotPasswordViewController.swift */,
				0AAACDC61D688269007C3CCC /* RootNavViewController.swift */,
				0AAACDC81D688472007C3CCC /* RegisterHomeViewController.swift */,
			);
			name = Authentication;
			sourceTree = "<group>";
		};
		0AAACDC51D688245007C3CCC /* Home */ = {
			isa = PBXGroup;
			children = (
				0A3FC5A41D655B11006615BA /* MainViewController.swift */,
				0AAACDCC1D68CECC007C3CCC /* HomeViewController.swift */,
				0AAACDCE1D68D90A007C3CCC /* FilterCustomView.swift */,
				0AAACDD01D68DA17007C3CCC /* FilterView.swift */,
				0AAACDD41D68EA00007C3CCC /* HomeTableViewCell.swift */,
				0AAACDD51D68EA00007C3CCC /* HomeTableViewCell.xib */,
				0AAACDDE1D6947DF007C3CCC /* MenuTableViewController.swift */,
			);
			name = Home;
			sourceTree = "<group>";
		};
		0AAACDDA1D6945CF007C3CCC /* RevealController */ = {
			isa = PBXGroup;
			children = (
				0AAACDDB1D6945CF007C3CCC /* SWRevealViewController.h */,
				0AAACDDC1D6945CF007C3CCC /* SWRevealViewController.m */,
			);
			path = RevealController;
			sourceTree = "<group>";
		};
		0AAACDE21D6A5F00007C3CCC /* SVPullToRefresh */ = {
			isa = PBXGroup;
			children = (
				0AAACDE31D6A5F00007C3CCC /* SVPullToRefresh.h */,
				0AAACDE41D6A5F00007C3CCC /* UIScrollView+SVInfiniteScrolling.h */,
				0AAACDE51D6A5F00007C3CCC /* UIScrollView+SVInfiniteScrolling.m */,
				0AAACDE61D6A5F00007C3CCC /* UIScrollView+SVPullToRefresh.h */,
				0AAACDE71D6A5F00007C3CCC /* UIScrollView+SVPullToRefresh.m */,
			);
			path = SVPullToRefresh;
			sourceTree = "<group>";
		};
		78D6B3F8D73683C48597C9E9 /* Frameworks */ = {
			isa = PBXGroup;
			children = (
				F4736BCCB45224562D24F68C /* Pods_Blasteem.framework */,
			);
			name = Frameworks;
			sourceTree = "<group>";
		};
		C4F3713973876B412F8A1C13 /* Pods */ = {
			isa = PBXGroup;
			children = (
				E4B24D9AFF960F6E205D9C10 /* Pods-Blasteem.debug.xcconfig */,
				2A21F64774B65EC6880587CB /* Pods-Blasteem.release.xcconfig */,
			);
			name = Pods;
			sourceTree = "<group>";
		};
/* End PBXGroup section */

/* Begin PBXNativeTarget section */
		0A26785D1D64AE5900DCB621 /* Blasteem */ = {
			isa = PBXNativeTarget;
			buildConfigurationList = 0A2678701D64AE5900DCB621 /* Build configuration list for PBXNativeTarget "Blasteem" */;
			buildPhases = (
				C5439819E42987FE3962B550 /* Check Pods Manifest.lock */,
				0A26785A1D64AE5900DCB621 /* Sources */,
				0A26785C1D64AE5900DCB621 /* Resources */,
				403DC7023369DBDDAABB236E /* Embed Pods Frameworks */,
				607BCD2E0A81BDD9C83C58AF /* Frameworks */,
				488F2D04D985319FCCF0B8D6 /* Copy Pods Resources */,
			);
			buildRules = (
			);
			dependencies = (
			);
			name = Blasteem;
			productName = Blasteem;
			productReference = 0A26785E1D64AE5900DCB621 /* Blasteem.app */;
			productType = "com.apple.product-type.application";
		};
/* End PBXNativeTarget section */

/* Begin PBXProject section */
		0A2678561D64AE5900DCB621 /* Project object */ = {
			isa = PBXProject;
			attributes = {
				LastSwiftUpdateCheck = 0730;
				LastUpgradeCheck = 0730;
				ORGANIZATIONNAME = beneta;
				TargetAttributes = {
					0A26785D1D64AE5900DCB621 = {
						CreatedOnToolsVersion = 7.3;
						DevelopmentTeam = 35MZKTC24G;
					};
				};
			};
			buildConfigurationList = 0A2678591D64AE5900DCB621 /* Build configuration list for PBXProject "Blasteem" */;
			compatibilityVersion = "Xcode 3.2";
			developmentRegion = English;
			hasScannedForEncodings = 0;
			knownRegions = (
				en,
				Base,
				de,
				es,
				fr,
				id,
				it,
				ja,
				ko,
				pl,
				ru,
				"zh-Hans",
				"zh-Hant",
				ar,
				da,
				nl,
				pt,
				tr,
				vi,
			);
			mainGroup = 0A2678551D64AE5900DCB621;
			productRefGroup = 0A26785F1D64AE5900DCB621 /* Products */;
			projectDirPath = "";
			projectRoot = "";
			targets = (
				0A26785D1D64AE5900DCB621 /* Blasteem */,
			);
		};
/* End PBXProject section */

/* Begin PBXResourcesBuildPhase section */
		0A26785C1D64AE5900DCB621 /* Resources */ = {
			isa = PBXResourcesBuildPhase;
			buildActionMask = 2147483647;
			files = (
				0A3FC5911D65450C006615BA /* OpenSans-Italic.ttf in Resources */,
				0A3FC58E1D65450C006615BA /* OpenSans-BoldItalic.ttf in Resources */,
				0A1A33FB1D67A80200EC75BA /* Info.plist in Resources */,
				0A3FC5CB1D6650E2006615BA /* GoogleService-Info.plist in Resources */,
				0A26786C1D64AE5900DCB621 /* LaunchScreen.storyboard in Resources */,
				0A3FC5951D65450C006615BA /* OpenSans-Semibold.ttf in Resources */,
				0A3FC58F1D65450C006615BA /* OpenSans-ExtraBold.ttf in Resources */,
				0A3FC58C1D65450C006615BA /* Apache License.txt in Resources */,
				0A3FC5931D65450C006615BA /* OpenSans-LightItalic.ttf in Resources */,
				0A3FC5DC1D66849E006615BA /* TOActionSheetLocalizable.strings in Resources */,
				0A1D64061D6AF33900C38C7E /* CategoryDetailTableViewCell.xib in Resources */,
				0A2678691D64AE5900DCB621 /* Assets.xcassets in Resources */,
				0A1D64001D6AF30300C38C7E /* CategoryListTableViewCell.xib in Resources */,
				0A3FC58D1D65450C006615BA /* OpenSans-Bold.ttf in Resources */,
				0A1A33FA1D67A80200EC75BA /* TOCropViewControllerLocalizable.strings in Resources */,
				0A2678671D64AE5900DCB621 /* Main.storyboard in Resources */,
				0A3FC5961D65450C006615BA /* OpenSans-SemiboldItalic.ttf in Resources */,
				0A3FC5921D65450C006615BA /* OpenSans-Light.ttf in Resources */,
				0A3FC5941D65450C006615BA /* OpenSans-Regular.ttf in Resources */,
				0A3FC5901D65450C006615BA /* OpenSans-ExtraBoldItalic.ttf in Resources */,
				0AAACDD71D68EA00007C3CCC /* HomeTableViewCell.xib in Resources */,
			);
			runOnlyForDeploymentPostprocessing = 0;
		};
/* End PBXResourcesBuildPhase section */

/* Begin PBXShellScriptBuildPhase section */
		403DC7023369DBDDAABB236E /* Embed Pods Frameworks */ = {
			isa = PBXShellScriptBuildPhase;
			buildActionMask = 2147483647;
			files = (
			);
			inputPaths = (
			);
			name = "Embed Pods Frameworks";
			outputPaths = (
			);
			runOnlyForDeploymentPostprocessing = 0;
			shellPath = /bin/sh;
			shellScript = "\"${SRCROOT}/Pods/Target Support Files/Pods-Blasteem/Pods-Blasteem-frameworks.sh\"\n";
			showEnvVarsInLog = 0;
		};
		488F2D04D985319FCCF0B8D6 /* Copy Pods Resources */ = {
			isa = PBXShellScriptBuildPhase;
			buildActionMask = 2147483647;
			files = (
			);
			inputPaths = (
			);
			name = "Copy Pods Resources";
			outputPaths = (
			);
			runOnlyForDeploymentPostprocessing = 0;
			shellPath = /bin/sh;
			shellScript = "\"${SRCROOT}/Pods/Target Support Files/Pods-Blasteem/Pods-Blasteem-resources.sh\"\n";
			showEnvVarsInLog = 0;
		};
		C5439819E42987FE3962B550 /* Check Pods Manifest.lock */ = {
			isa = PBXShellScriptBuildPhase;
			buildActionMask = 2147483647;
			files = (
			);
			inputPaths = (
			);
			name = "Check Pods Manifest.lock";
			outputPaths = (
			);
			runOnlyForDeploymentPostprocessing = 0;
			shellPath = /bin/sh;
			shellScript = "diff \"${PODS_ROOT}/../Podfile.lock\" \"${PODS_ROOT}/Manifest.lock\" > /dev/null\nif [[ $? != 0 ]] ; then\n    cat << EOM\nerror: The sandbox is not in sync with the Podfile.lock. Run 'pod install' or update your CocoaPods installation.\nEOM\n    exit 1\nfi\n";
			showEnvVarsInLog = 0;
		};
/* End PBXShellScriptBuildPhase section */

/* Begin PBXSourcesBuildPhase section */
		0A26785A1D64AE5900DCB621 /* Sources */ = {
			isa = PBXSourcesBuildPhase;
			buildActionMask = 2147483647;
			files = (
				0A3FC5BF1D65CCC2006615BA /* AppTokenModel.swift in Sources */,
				0A3FC5C91D664AAE006615BA /* ProgressHUD.m in Sources */,
				0AAACDCD1D68CECC007C3CCC /* HomeViewController.swift in Sources */,
				0A3FC5C51D660544006615BA /* RequestBuilder.swift in Sources */,
				0A1A33FD1D67A80200EC75BA /* TOCroppedImageAttributes.m in Sources */,
				0A3FC5BB1D65CB90006615BA /* ComManager.swift in Sources */,
				0A3FC5C31D66032D006615BA /* RegisterTableViewController.swift in Sources */,
				0A1A34041D67A80200EC75BA /* TOCropView.m in Sources */,
				0AAACDE91D6A5F00007C3CCC /* UIScrollView+SVPullToRefresh.m in Sources */,
				0A3FC5B91D6570B6006615BA /* AppUtil.swift in Sources */,
				0A3FC5E01D670F5E006615BA /* NSDate+Helper.m in Sources */,
				0A1A34001D67A80200EC75BA /* TOCropViewController.m in Sources */,
				0AAACDC11D680E77007C3CCC /* ForgotPasswordViewController.swift in Sources */,
				0A1A34061D67BB7A00EC75BA /* AppSetting.swift in Sources */,
				0A1D63FF1D6AF30300C38C7E /* CategoryListTableViewCell.swift in Sources */,
				0AAACDCF1D68D90A007C3CCC /* FilterCustomView.swift in Sources */,
				0A1D64051D6AF33900C38C7E /* CategoryDetailTableViewCell.swift in Sources */,
				0A3FC5DD1D66849F006615BA /* TOActionSheet.m in Sources */,
				0A1A34011D67A80200EC75BA /* TOCropOverlayView.m in Sources */,
				0A1A34021D67A80200EC75BA /* TOCropScrollView.m in Sources */,
				0A3FC5A31D655AF0006615BA /* LoginViewController.swift in Sources */,
				0AAACDE81D6A5F00007C3CCC /* UIScrollView+SVInfiniteScrolling.m in Sources */,
				0A1D63FC1D6AF2ED00C38C7E /* CategoryDetailTableViewController.swift in Sources */,
				0A1A33FF1D67A80200EC75BA /* UIImage+CropRotate.m in Sources */,
				0A1A33FE1D67A80200EC75BA /* TOCropViewControllerTransitioning.m in Sources */,
				0AAACDC31D6881D7007C3CCC /* ViewManager.swift in Sources */,
				0A3FC5A71D655B34006615BA /* AppConstant.swift in Sources */,
				0AAACDDD1D6945CF007C3CCC /* SWRevealViewController.m in Sources */,
				0AAACDD11D68DA17007C3CCC /* FilterView.swift in Sources */,
				0A2678621D64AE5900DCB621 /* AppDelegate.swift in Sources */,
				0AAACDE11D696C1B007C3CCC /* VideoModel.swift in Sources */,
				0AAACDC91D688472007C3CCC /* RegisterHomeViewController.swift in Sources */,
				0A3FC5C11D65D31F006615BA /* UserModel.swift in Sources */,
				0AAACDEB1D6A92BF007C3CCC /* CreatorModel.swift in Sources */,
				0A3FC5A51D655B11006615BA /* MainViewController.swift in Sources */,
				0A1A34031D67A80200EC75BA /* TOCropToolbar.m in Sources */,
				0A3FC5BD1D65CBAF006615BA /* ResponseBuilder.swift in Sources */,
				0A1D63FA1D6AF2DD00C38C7E /* CategoryListTableViewController.swift in Sources */,
				0AAACDDF1D6947DF007C3CCC /* MenuTableViewController.swift in Sources */,
				0AAACDCB1D68CDF6007C3CCC /* DPSegmentedControl.swift in Sources */,
				0A1A33FC1D67A80200EC75BA /* TOActivityCroppedImageProvider.m in Sources */,
				0AAACDC71D688269007C3CCC /* RootNavViewController.swift in Sources */,
				0AAACDD61D68EA00007C3CCC /* HomeTableViewCell.swift in Sources */,
				0A1D64081D6B826200C38C7E /* CategoryModel.swift in Sources */,
				0A3FC5A01D6559FB006615BA /* Utils.m in Sources */,
			);
			runOnlyForDeploymentPostprocessing = 0;
		};
/* End PBXSourcesBuildPhase section */

/* Begin PBXVariantGroup section */
		0A1A33D11D67A80200EC75BA /* TOCropViewControllerLocalizable.strings */ = {
			isa = PBXVariantGroup;
			children = (
				0A1A33D21D67A80200EC75BA /* ar */,
				0A1A33D31D67A80200EC75BA /* Base */,
				0A1A33D41D67A80200EC75BA /* da */,
				0A1A33D51D67A80200EC75BA /* de */,
				0A1A33D61D67A80200EC75BA /* en */,
				0A1A33D71D67A80200EC75BA /* es */,
				0A1A33D81D67A80200EC75BA /* fr */,
				0A1A33D91D67A80200EC75BA /* id */,
				0A1A33DB1D67A80200EC75BA /* it */,
				0A1A33DC1D67A80200EC75BA /* ja */,
				0A1A33DD1D67A80200EC75BA /* ko */,
				0A1A33E71D67A80200EC75BA /* nl */,
				0A1A33E81D67A80200EC75BA /* pl */,
				0A1A33E91D67A80200EC75BA /* pt */,
				0A1A33EA1D67A80200EC75BA /* ru */,
				0A1A33ED1D67A80200EC75BA /* tr */,
				0A1A33EE1D67A80200EC75BA /* vi */,
				0A1A33F81D67A80200EC75BA /* zh-Hans */,
				0A1A33F91D67A80200EC75BA /* zh-Hant */,
			);
			name = TOCropViewControllerLocalizable.strings;
			sourceTree = "<group>";
		};
		0A2678651D64AE5900DCB621 /* Main.storyboard */ = {
			isa = PBXVariantGroup;
			children = (
				0A2678661D64AE5900DCB621 /* Base */,
			);
			name = Main.storyboard;
			sourceTree = "<group>";
		};
		0A26786A1D64AE5900DCB621 /* LaunchScreen.storyboard */ = {
			isa = PBXVariantGroup;
			children = (
				0A26786B1D64AE5900DCB621 /* Base */,
			);
			name = LaunchScreen.storyboard;
			sourceTree = "<group>";
		};
		0A3FC5CD1D66849E006615BA /* TOActionSheetLocalizable.strings */ = {
			isa = PBXVariantGroup;
			children = (
				0A3FC5CE1D66849E006615BA /* de */,
				0A3FC5CF1D66849E006615BA /* en */,
				0A3FC5D01D66849E006615BA /* es */,
				0A3FC5D11D66849E006615BA /* fr */,
				0A3FC5D21D66849E006615BA /* id */,
				0A3FC5D31D66849E006615BA /* it */,
				0A3FC5D41D66849E006615BA /* ja */,
				0A3FC5D51D66849E006615BA /* ko */,
				0A3FC5D61D66849E006615BA /* pl */,
				0A3FC5D71D66849E006615BA /* ru */,
				0A3FC5DA1D66849E006615BA /* zh-Hans */,
				0A3FC5DB1D66849E006615BA /* zh-Hant */,
			);
			name = TOActionSheetLocalizable.strings;
			sourceTree = "<group>";
		};
/* End PBXVariantGroup section */

/* Begin XCBuildConfiguration section */
		0A26786E1D64AE5900DCB621 /* Debug */ = {
			isa = XCBuildConfiguration;
			buildSettings = {
				ALWAYS_SEARCH_USER_PATHS = NO;
				CLANG_ANALYZER_NONNULL = YES;
				CLANG_CXX_LANGUAGE_STANDARD = "gnu++0x";
				CLANG_CXX_LIBRARY = "libc++";
				CLANG_ENABLE_MODULES = YES;
				CLANG_ENABLE_OBJC_ARC = YES;
				CLANG_WARN_BOOL_CONVERSION = YES;
				CLANG_WARN_CONSTANT_CONVERSION = YES;
				CLANG_WARN_DIRECT_OBJC_ISA_USAGE = YES_ERROR;
				CLANG_WARN_EMPTY_BODY = YES;
				CLANG_WARN_ENUM_CONVERSION = YES;
				CLANG_WARN_INT_CONVERSION = YES;
				CLANG_WARN_OBJC_ROOT_CLASS = YES_ERROR;
				CLANG_WARN_UNREACHABLE_CODE = YES;
				CLANG_WARN__DUPLICATE_METHOD_MATCH = YES;
				"CODE_SIGN_IDENTITY[sdk=iphoneos*]" = "iPhone Developer";
				COPY_PHASE_STRIP = NO;
				DEBUG_INFORMATION_FORMAT = dwarf;
				ENABLE_STRICT_OBJC_MSGSEND = YES;
				ENABLE_TESTABILITY = YES;
				GCC_C_LANGUAGE_STANDARD = gnu99;
				GCC_DYNAMIC_NO_PIC = NO;
				GCC_NO_COMMON_BLOCKS = YES;
				GCC_OPTIMIZATION_LEVEL = 0;
				GCC_PREPROCESSOR_DEFINITIONS = (
					"DEBUG=1",
					"$(inherited)",
				);
				GCC_WARN_64_TO_32_BIT_CONVERSION = YES;
				GCC_WARN_ABOUT_RETURN_TYPE = YES_ERROR;
				GCC_WARN_UNDECLARED_SELECTOR = YES;
				GCC_WARN_UNINITIALIZED_AUTOS = YES_AGGRESSIVE;
				GCC_WARN_UNUSED_FUNCTION = YES;
				GCC_WARN_UNUSED_VARIABLE = YES;
				IPHONEOS_DEPLOYMENT_TARGET = 9.3;
				MTL_ENABLE_DEBUG_INFO = YES;
				ONLY_ACTIVE_ARCH = YES;
				SDKROOT = iphoneos;
				SWIFT_OPTIMIZATION_LEVEL = "-Onone";
				TARGETED_DEVICE_FAMILY = "1,2";
			};
			name = Debug;
		};
		0A26786F1D64AE5900DCB621 /* Release */ = {
			isa = XCBuildConfiguration;
			buildSettings = {
				ALWAYS_SEARCH_USER_PATHS = NO;
				CLANG_ANALYZER_NONNULL = YES;
				CLANG_CXX_LANGUAGE_STANDARD = "gnu++0x";
				CLANG_CXX_LIBRARY = "libc++";
				CLANG_ENABLE_MODULES = YES;
				CLANG_ENABLE_OBJC_ARC = YES;
				CLANG_WARN_BOOL_CONVERSION = YES;
				CLANG_WARN_CONSTANT_CONVERSION = YES;
				CLANG_WARN_DIRECT_OBJC_ISA_USAGE = YES_ERROR;
				CLANG_WARN_EMPTY_BODY = YES;
				CLANG_WARN_ENUM_CONVERSION = YES;
				CLANG_WARN_INT_CONVERSION = YES;
				CLANG_WARN_OBJC_ROOT_CLASS = YES_ERROR;
				CLANG_WARN_UNREACHABLE_CODE = YES;
				CLANG_WARN__DUPLICATE_METHOD_MATCH = YES;
				"CODE_SIGN_IDENTITY[sdk=iphoneos*]" = "iPhone Developer";
				COPY_PHASE_STRIP = NO;
				DEBUG_INFORMATION_FORMAT = "dwarf-with-dsym";
				ENABLE_NS_ASSERTIONS = NO;
				ENABLE_STRICT_OBJC_MSGSEND = YES;
				GCC_C_LANGUAGE_STANDARD = gnu99;
				GCC_NO_COMMON_BLOCKS = YES;
				GCC_WARN_64_TO_32_BIT_CONVERSION = YES;
				GCC_WARN_ABOUT_RETURN_TYPE = YES_ERROR;
				GCC_WARN_UNDECLARED_SELECTOR = YES;
				GCC_WARN_UNINITIALIZED_AUTOS = YES_AGGRESSIVE;
				GCC_WARN_UNUSED_FUNCTION = YES;
				GCC_WARN_UNUSED_VARIABLE = YES;
				IPHONEOS_DEPLOYMENT_TARGET = 9.3;
				MTL_ENABLE_DEBUG_INFO = NO;
				SDKROOT = iphoneos;
				TARGETED_DEVICE_FAMILY = "1,2";
				VALIDATE_PRODUCT = YES;
			};
			name = Release;
		};
		0A2678711D64AE5900DCB621 /* Debug */ = {
			isa = XCBuildConfiguration;
			baseConfigurationReference = E4B24D9AFF960F6E205D9C10 /* Pods-Blasteem.debug.xcconfig */;
			buildSettings = {
				ASSETCATALOG_COMPILER_APPICON_NAME = AppIcon;
				CODE_SIGN_IDENTITY = "iPhone Developer";
				"CODE_SIGN_IDENTITY[sdk=iphoneos*]" = "iPhone Developer";
				ENABLE_BITCODE = NO;
				INFOPLIST_FILE = Blasteem/Info.plist;
				IPHONEOS_DEPLOYMENT_TARGET = 8.0;
				LD_RUNPATH_SEARCH_PATHS = "$(inherited) @executable_path/Frameworks";
				PRODUCT_BUNDLE_IDENTIFIER = com.thai.Blasteem;
				PRODUCT_NAME = "$(TARGET_NAME)";
				PROVISIONING_PROFILE = "";
				SWIFT_OBJC_BRIDGING_HEADER = "Blasteem/Blasteem-Bridging-Header.h";
				TARGETED_DEVICE_FAMILY = 1;
			};
			name = Debug;
		};
		0A2678721D64AE5900DCB621 /* Release */ = {
			isa = XCBuildConfiguration;
			baseConfigurationReference = 2A21F64774B65EC6880587CB /* Pods-Blasteem.release.xcconfig */;
			buildSettings = {
				ASSETCATALOG_COMPILER_APPICON_NAME = AppIcon;
				CODE_SIGN_IDENTITY = "iPhone Developer";
				"CODE_SIGN_IDENTITY[sdk=iphoneos*]" = "iPhone Developer";
				ENABLE_BITCODE = NO;
				INFOPLIST_FILE = Blasteem/Info.plist;
				IPHONEOS_DEPLOYMENT_TARGET = 8.0;
				LD_RUNPATH_SEARCH_PATHS = "$(inherited) @executable_path/Frameworks";
				PRODUCT_BUNDLE_IDENTIFIER = com.thai.Blasteem;
				PRODUCT_NAME = "$(TARGET_NAME)";
				PROVISIONING_PROFILE = "";
				SWIFT_OBJC_BRIDGING_HEADER = "Blasteem/Blasteem-Bridging-Header.h";
				TARGETED_DEVICE_FAMILY = 1;
			};
			name = Release;
		};
/* End XCBuildConfiguration section */

/* Begin XCConfigurationList section */
		0A2678591D64AE5900DCB621 /* Build configuration list for PBXProject "Blasteem" */ = {
			isa = XCConfigurationList;
			buildConfigurations = (
				0A26786E1D64AE5900DCB621 /* Debug */,
				0A26786F1D64AE5900DCB621 /* Release */,
			);
			defaultConfigurationIsVisible = 0;
			defaultConfigurationName = Release;
		};
		0A2678701D64AE5900DCB621 /* Build configuration list for PBXNativeTarget "Blasteem" */ = {
			isa = XCConfigurationList;
			buildConfigurations = (
				0A2678711D64AE5900DCB621 /* Debug */,
				0A2678721D64AE5900DCB621 /* Release */,
			);
			defaultConfigurationIsVisible = 0;
			defaultConfigurationName = Release;
		};
/* End XCConfigurationList section */
	};
	rootObject = 0A2678561D64AE5900DCB621 /* Project object */;
}
